// !$*UTF8*$!
{
	archiveVersion = 1;
	classes = {
	};
	objectVersion = 56;
	objects = {

/* Begin PBXBuildFile section */
		3C1905702A0D0696008B6D9E /* HeaderCell.swift in Sources */ = {isa = PBXBuildFile; fileRef = 3C19056F2A0D0696008B6D9E /* HeaderCell.swift */; };
		3C1905722A0D30A8008B6D9E /* RegionCell.swift in Sources */ = {isa = PBXBuildFile; fileRef = 3C1905712A0D30A8008B6D9E /* RegionCell.swift */; };
		3C6A17572A0CE27F00DC95A1 /* AppDelegate.swift in Sources */ = {isa = PBXBuildFile; fileRef = 3C6A17562A0CE27F00DC95A1 /* AppDelegate.swift */; };
		3C6A17592A0CE27F00DC95A1 /* SceneDelegate.swift in Sources */ = {isa = PBXBuildFile; fileRef = 3C6A17582A0CE27F00DC95A1 /* SceneDelegate.swift */; };
		3C6A175B2A0CE27F00DC95A1 /* ViewController.swift in Sources */ = {isa = PBXBuildFile; fileRef = 3C6A175A2A0CE27F00DC95A1 /* ViewController.swift */; };
		3C6A175E2A0CE27F00DC95A1 /* Main.storyboard in Resources */ = {isa = PBXBuildFile; fileRef = 3C6A175C2A0CE27F00DC95A1 /* Main.storyboard */; };
		3C6A17602A0CE28100DC95A1 /* Assets.xcassets in Resources */ = {isa = PBXBuildFile; fileRef = 3C6A175F2A0CE28100DC95A1 /* Assets.xcassets */; };
		3C6A17632A0CE28100DC95A1 /* LaunchScreen.storyboard in Resources */ = {isa = PBXBuildFile; fileRef = 3C6A17612A0CE28100DC95A1 /* LaunchScreen.storyboard */; };
		3C6A176E2A0CE28200DC95A1 /* RegionPickerAppTests.swift in Sources */ = {isa = PBXBuildFile; fileRef = 3C6A176D2A0CE28200DC95A1 /* RegionPickerAppTests.swift */; };
		3C6A17782A0CE28200DC95A1 /* RegionPickerAppUITests.swift in Sources */ = {isa = PBXBuildFile; fileRef = 3C6A17772A0CE28200DC95A1 /* RegionPickerAppUITests.swift */; };
		3C6A177A2A0CE28200DC95A1 /* RegionPickerAppUITestsLaunchTests.swift in Sources */ = {isa = PBXBuildFile; fileRef = 3C6A17792A0CE28200DC95A1 /* RegionPickerAppUITestsLaunchTests.swift */; };
		3C97F86A2A121B3400C418CA /* ButtonCell.swift in Sources */ = {isa = PBXBuildFile; fileRef = 3C97F8692A121B3400C418CA /* ButtonCell.swift */; };
/* End PBXBuildFile section */

/* Begin PBXContainerItemProxy section */
		3C6A176A2A0CE28200DC95A1 /* PBXContainerItemProxy */ = {
			isa = PBXContainerItemProxy;
			containerPortal = 3C6A174B2A0CE27F00DC95A1 /* Project object */;
			proxyType = 1;
			remoteGlobalIDString = 3C6A17522A0CE27F00DC95A1;
			remoteInfo = RegionPickerApp;
		};
		3C6A17742A0CE28200DC95A1 /* PBXContainerItemProxy */ = {
			isa = PBXContainerItemProxy;
			containerPortal = 3C6A174B2A0CE27F00DC95A1 /* Project object */;
			proxyType = 1;
			remoteGlobalIDString = 3C6A17522A0CE27F00DC95A1;
			remoteInfo = RegionPickerApp;
		};
/* End PBXContainerItemProxy section */

/* Begin PBXFileReference section */
		3C19056F2A0D0696008B6D9E /* HeaderCell.swift */ = {isa = PBXFileReference; lastKnownFileType = sourcecode.swift; path = HeaderCell.swift; sourceTree = "<group>"; };
		3C1905712A0D30A8008B6D9E /* RegionCell.swift */ = {isa = PBXFileReference; lastKnownFileType = sourcecode.swift; path = RegionCell.swift; sourceTree = "<group>"; };
		3C6A17532A0CE27F00DC95A1 /* RegionPickerApp.app */ = {isa = PBXFileReference; explicitFileType = wrapper.application; includeInIndex = 0; path = RegionPickerApp.app; sourceTree = BUILT_PRODUCTS_DIR; };
		3C6A17562A0CE27F00DC95A1 /* AppDelegate.swift */ = {isa = PBXFileReference; lastKnownFileType = sourcecode.swift; path = AppDelegate.swift; sourceTree = "<group>"; };
		3C6A17582A0CE27F00DC95A1 /* SceneDelegate.swift */ = {isa = PBXFileReference; lastKnownFileType = sourcecode.swift; path = SceneDelegate.swift; sourceTree = "<group>"; };
		3C6A175A2A0CE27F00DC95A1 /* ViewController.swift */ = {isa = PBXFileReference; lastKnownFileType = sourcecode.swift; path = ViewController.swift; sourceTree = "<group>"; };
		3C6A175D2A0CE27F00DC95A1 /* Base */ = {isa = PBXFileReference; lastKnownFileType = file.storyboard; name = Base; path = Base.lproj/Main.storyboard; sourceTree = "<group>"; };
		3C6A175F2A0CE28100DC95A1 /* Assets.xcassets */ = {isa = PBXFileReference; lastKnownFileType = folder.assetcatalog; path = Assets.xcassets; sourceTree = "<group>"; };
		3C6A17622A0CE28100DC95A1 /* Base */ = {isa = PBXFileReference; lastKnownFileType = file.storyboard; name = Base; path = Base.lproj/LaunchScreen.storyboard; sourceTree = "<group>"; };
		3C6A17642A0CE28100DC95A1 /* Info.plist */ = {isa = PBXFileReference; lastKnownFileType = text.plist.xml; path = Info.plist; sourceTree = "<group>"; };
		3C6A17692A0CE28200DC95A1 /* RegionPickerAppTests.xctest */ = {isa = PBXFileReference; explicitFileType = wrapper.cfbundle; includeInIndex = 0; path = RegionPickerAppTests.xctest; sourceTree = BUILT_PRODUCTS_DIR; };
		3C6A176D2A0CE28200DC95A1 /* RegionPickerAppTests.swift */ = {isa = PBXFileReference; lastKnownFileType = sourcecode.swift; path = RegionPickerAppTests.swift; sourceTree = "<group>"; };
		3C6A17732A0CE28200DC95A1 /* RegionPickerAppUITests.xctest */ = {isa = PBXFileReference; explicitFileType = wrapper.cfbundle; includeInIndex = 0; path = RegionPickerAppUITests.xctest; sourceTree = BUILT_PRODUCTS_DIR; };
		3C6A17772A0CE28200DC95A1 /* RegionPickerAppUITests.swift */ = {isa = PBXFileReference; lastKnownFileType = sourcecode.swift; path = RegionPickerAppUITests.swift; sourceTree = "<group>"; };
		3C6A17792A0CE28200DC95A1 /* RegionPickerAppUITestsLaunchTests.swift */ = {isa = PBXFileReference; lastKnownFileType = sourcecode.swift; path = RegionPickerAppUITestsLaunchTests.swift; sourceTree = "<group>"; };
		3C97F8692A121B3400C418CA /* ButtonCell.swift */ = {isa = PBXFileReference; lastKnownFileType = sourcecode.swift; path = ButtonCell.swift; sourceTree = "<group>"; };
/* End PBXFileReference section */

/* Begin PBXFrameworksBuildPhase section */
		3C6A17502A0CE27F00DC95A1 /* Frameworks */ = {
			isa = PBXFrameworksBuildPhase;
			buildActionMask = 2147483647;
			files = (
			);
			runOnlyForDeploymentPostprocessing = 0;
		};
		3C6A17662A0CE28200DC95A1 /* Frameworks */ = {
			isa = PBXFrameworksBuildPhase;
			buildActionMask = 2147483647;
			files = (
			);
			runOnlyForDeploymentPostprocessing = 0;
		};
		3C6A17702A0CE28200DC95A1 /* Frameworks */ = {
			isa = PBXFrameworksBuildPhase;
			buildActionMask = 2147483647;
			files = (
			);
			runOnlyForDeploymentPostprocessing = 0;
		};
/* End PBXFrameworksBuildPhase section */

/* Begin PBXGroup section */
		3C6A174A2A0CE27F00DC95A1 = {
			isa = PBXGroup;
			children = (
				3C6A17552A0CE27F00DC95A1 /* RegionPickerApp */,
				3C6A176C2A0CE28200DC95A1 /* RegionPickerAppTests */,
				3C6A17762A0CE28200DC95A1 /* RegionPickerAppUITests */,
				3C6A17542A0CE27F00DC95A1 /* Products */,
			);
			sourceTree = "<group>";
		};
		3C6A17542A0CE27F00DC95A1 /* Products */ = {
			isa = PBXGroup;
			children = (
				3C6A17532A0CE27F00DC95A1 /* RegionPickerApp.app */,
				3C6A17692A0CE28200DC95A1 /* RegionPickerAppTests.xctest */,
				3C6A17732A0CE28200DC95A1 /* RegionPickerAppUITests.xctest */,
			);
			name = Products;
			sourceTree = "<group>";
		};
		3C6A17552A0CE27F00DC95A1 /* RegionPickerApp */ = {
			isa = PBXGroup;
			children = (
				3C6A17562A0CE27F00DC95A1 /* AppDelegate.swift */,
				3C6A17582A0CE27F00DC95A1 /* SceneDelegate.swift */,
				3C6A175A2A0CE27F00DC95A1 /* ViewController.swift */,
				3C19056F2A0D0696008B6D9E /* HeaderCell.swift */,
				3C1905712A0D30A8008B6D9E /* RegionCell.swift */,
				3C97F8692A121B3400C418CA /* ButtonCell.swift */,
				3C6A175C2A0CE27F00DC95A1 /* Main.storyboard */,
				3C6A175F2A0CE28100DC95A1 /* Assets.xcassets */,
				3C6A17612A0CE28100DC95A1 /* LaunchScreen.storyboard */,
				3C6A17642A0CE28100DC95A1 /* Info.plist */,
			);
			path = RegionPickerApp;
			sourceTree = "<group>";
		};
		3C6A176C2A0CE28200DC95A1 /* RegionPickerAppTests */ = {
			isa = PBXGroup;
			children = (
				3C6A176D2A0CE28200DC95A1 /* RegionPickerAppTests.swift */,
			);
			path = RegionPickerAppTests;
			sourceTree = "<group>";
		};
		3C6A17762A0CE28200DC95A1 /* RegionPickerAppUITests */ = {
			isa = PBXGroup;
			children = (
				3C6A17772A0CE28200DC95A1 /* RegionPickerAppUITests.swift */,
				3C6A17792A0CE28200DC95A1 /* RegionPickerAppUITestsLaunchTests.swift */,
			);
			path = RegionPickerAppUITests;
			sourceTree = "<group>";
		};
/* End PBXGroup section */

/* Begin PBXNativeTarget section */
		3C6A17522A0CE27F00DC95A1 /* RegionPickerApp */ = {
			isa = PBXNativeTarget;
			buildConfigurationList = 3C6A177D2A0CE28200DC95A1 /* Build configuration list for PBXNativeTarget "RegionPickerApp" */;
			buildPhases = (
				3C6A174F2A0CE27F00DC95A1 /* Sources */,
				3C6A17502A0CE27F00DC95A1 /* Frameworks */,
				3C6A17512A0CE27F00DC95A1 /* Resources */,
			);
			buildRules = (
			);
			dependencies = (
			);
			name = RegionPickerApp;
			productName = RegionPickerApp;
			productReference = 3C6A17532A0CE27F00DC95A1 /* RegionPickerApp.app */;
			productType = "com.apple.product-type.application";
		};
		3C6A17682A0CE28200DC95A1 /* RegionPickerAppTests */ = {
			isa = PBXNativeTarget;
			buildConfigurationList = 3C6A17802A0CE28200DC95A1 /* Build configuration list for PBXNativeTarget "RegionPickerAppTests" */;
			buildPhases = (
				3C6A17652A0CE28200DC95A1 /* Sources */,
				3C6A17662A0CE28200DC95A1 /* Frameworks */,
				3C6A17672A0CE28200DC95A1 /* Resources */,
			);
			buildRules = (
			);
			dependencies = (
				3C6A176B2A0CE28200DC95A1 /* PBXTargetDependency */,
			);
			name = RegionPickerAppTests;
			productName = RegionPickerAppTests;
			productReference = 3C6A17692A0CE28200DC95A1 /* RegionPickerAppTests.xctest */;
			productType = "com.apple.product-type.bundle.unit-test";
		};
		3C6A17722A0CE28200DC95A1 /* RegionPickerAppUITests */ = {
			isa = PBXNativeTarget;
			buildConfigurationList = 3C6A17832A0CE28200DC95A1 /* Build configuration list for PBXNativeTarget "RegionPickerAppUITests" */;
			buildPhases = (
				3C6A176F2A0CE28200DC95A1 /* Sources */,
				3C6A17702A0CE28200DC95A1 /* Frameworks */,
				3C6A17712A0CE28200DC95A1 /* Resources */,
			);
			buildRules = (
			);
			dependencies = (
				3C6A17752A0CE28200DC95A1 /* PBXTargetDependency */,
			);
			name = RegionPickerAppUITests;
			productName = RegionPickerAppUITests;
			productReference = 3C6A17732A0CE28200DC95A1 /* RegionPickerAppUITests.xctest */;
			productType = "com.apple.product-type.bundle.ui-testing";
		};
/* End PBXNativeTarget section */

/* Begin PBXProject section */
		3C6A174B2A0CE27F00DC95A1 /* Project object */ = {
			isa = PBXProject;
			attributes = {
				BuildIndependentTargetsInParallel = 1;
				LastSwiftUpdateCheck = 1410;
				LastUpgradeCheck = 1410;
				TargetAttributes = {
					3C6A17522A0CE27F00DC95A1 = {
						CreatedOnToolsVersion = 14.1;
					};
					3C6A17682A0CE28200DC95A1 = {
						CreatedOnToolsVersion = 14.1;
						TestTargetID = 3C6A17522A0CE27F00DC95A1;
					};
					3C6A17722A0CE28200DC95A1 = {
						CreatedOnToolsVersion = 14.1;
						TestTargetID = 3C6A17522A0CE27F00DC95A1;
					};
				};
			};
			buildConfigurationList = 3C6A174E2A0CE27F00DC95A1 /* Build configuration list for PBXProject "RegionPickerApp" */;
			compatibilityVersion = "Xcode 14.0";
			developmentRegion = en;
			hasScannedForEncodings = 0;
			knownRegions = (
				en,
				Base,
			);
			mainGroup = 3C6A174A2A0CE27F00DC95A1;
			productRefGroup = 3C6A17542A0CE27F00DC95A1 /* Products */;
			projectDirPath = "";
			projectRoot = "";
			targets = (
				3C6A17522A0CE27F00DC95A1 /* RegionPickerApp */,
				3C6A17682A0CE28200DC95A1 /* RegionPickerAppTests */,
				3C6A17722A0CE28200DC95A1 /* RegionPickerAppUITests */,
			);
		};
/* End PBXProject section */

/* Begin PBXResourcesBuildPhase section */
		3C6A17512A0CE27F00DC95A1 /* Resources */ = {
			isa = PBXResourcesBuildPhase;
			buildActionMask = 2147483647;
			files = (
				3C6A17632A0CE28100DC95A1 /* LaunchScreen.storyboard in Resources */,
				3C6A17602A0CE28100DC95A1 /* Assets.xcassets in Resources */,
				3C6A175E2A0CE27F00DC95A1 /* Main.storyboard in Resources */,
			);
			runOnlyForDeploymentPostprocessing = 0;
		};
		3C6A17672A0CE28200DC95A1 /* Resources */ = {
			isa = PBXResourcesBuildPhase;
			buildActionMask = 2147483647;
			files = (
			);
			runOnlyForDeploymentPostprocessing = 0;
		};
		3C6A17712A0CE28200DC95A1 /* Resources */ = {
			isa = PBXResourcesBuildPhase;
			buildActionMask = 2147483647;
			files = (
			);
			runOnlyForDeploymentPostprocessing = 0;
		};
/* End PBXResourcesBuildPhase section */

/* Begin PBXSourcesBuildPhase section */
		3C6A174F2A0CE27F00DC95A1 /* Sources */ = {
			isa = PBXSourcesBuildPhase;
			buildActionMask = 2147483647;
			files = (
				3C1905702A0D0696008B6D9E /* HeaderCell.swift in Sources */,
				3C6A175B2A0CE27F00DC95A1 /* ViewController.swift in Sources */,
				3C6A17572A0CE27F00DC95A1 /* AppDelegate.swift in Sources */,
				3C1905722A0D30A8008B6D9E /* RegionCell.swift in Sources */,
				3C6A17592A0CE27F00DC95A1 /* SceneDelegate.swift in Sources */,
				3C97F86A2A121B3400C418CA /* ButtonCell.swift in Sources */,
			);
			runOnlyForDeploymentPostprocessing = 0;
		};
		3C6A17652A0CE28200DC95A1 /* Sources */ = {
			isa = PBXSourcesBuildPhase;
			buildActionMask = 2147483647;
			files = (
				3C6A176E2A0CE28200DC95A1 /* RegionPickerAppTests.swift in Sources */,
			);
			runOnlyForDeploymentPostprocessing = 0;
		};
		3C6A176F2A0CE28200DC95A1 /* Sources */ = {
			isa = PBXSourcesBuildPhase;
			buildActionMask = 2147483647;
			files = (
				3C6A177A2A0CE28200DC95A1 /* RegionPickerAppUITestsLaunchTests.swift in Sources */,
				3C6A17782A0CE28200DC95A1 /* RegionPickerAppUITests.swift in Sources */,
			);
			runOnlyForDeploymentPostprocessing = 0;
		};
/* End PBXSourcesBuildPhase section */

/* Begin PBXTargetDependency section */
		3C6A176B2A0CE28200DC95A1 /* PBXTargetDependency */ = {
			isa = PBXTargetDependency;
			target = 3C6A17522A0CE27F00DC95A1 /* RegionPickerApp */;
			targetProxy = 3C6A176A2A0CE28200DC95A1 /* PBXContainerItemProxy */;
		};
		3C6A17752A0CE28200DC95A1 /* PBXTargetDependency */ = {
			isa = PBXTargetDependency;
			target = 3C6A17522A0CE27F00DC95A1 /* RegionPickerApp */;
			targetProxy = 3C6A17742A0CE28200DC95A1 /* PBXContainerItemProxy */;
		};
/* End PBXTargetDependency section */

/* Begin PBXVariantGroup section */
		3C6A175C2A0CE27F00DC95A1 /* Main.storyboard */ = {
			isa = PBXVariantGroup;
			children = (
				3C6A175D2A0CE27F00DC95A1 /* Base */,
			);
			name = Main.storyboard;
			sourceTree = "<group>";
		};
		3C6A17612A0CE28100DC95A1 /* LaunchScreen.storyboard */ = {
			isa = PBXVariantGroup;
			children = (
				3C6A17622A0CE28100DC95A1 /* Base */,
			);
			name = LaunchScreen.storyboard;
			sourceTree = "<group>";
		};
/* End PBXVariantGroup section */

/* Begin XCBuildConfiguration section */
		3C6A177B2A0CE28200DC95A1 /* Debug */ = {
			isa = XCBuildConfiguration;
			buildSettings = {
				ALWAYS_SEARCH_USER_PATHS = NO;
				CLANG_ANALYZER_NONNULL = YES;
				CLANG_ANALYZER_NUMBER_OBJECT_CONVERSION = YES_AGGRESSIVE;
				CLANG_CXX_LANGUAGE_STANDARD = "gnu++20";
				CLANG_ENABLE_MODULES = YES;
				CLANG_ENABLE_OBJC_ARC = YES;
				CLANG_ENABLE_OBJC_WEAK = YES;
				CLANG_WARN_BLOCK_CAPTURE_AUTORELEASING = YES;
				CLANG_WARN_BOOL_CONVERSION = YES;
				CLANG_WARN_COMMA = YES;
				CLANG_WARN_CONSTANT_CONVERSION = YES;
				CLANG_WARN_DEPRECATED_OBJC_IMPLEMENTATIONS = YES;
				CLANG_WARN_DIRECT_OBJC_ISA_USAGE = YES_ERROR;
				CLANG_WARN_DOCUMENTATION_COMMENTS = YES;
				CLANG_WARN_EMPTY_BODY = YES;
				CLANG_WARN_ENUM_CONVERSION = YES;
				CLANG_WARN_INFINITE_RECURSION = YES;
				CLANG_WARN_INT_CONVERSION = YES;
				CLANG_WARN_NON_LITERAL_NULL_CONVERSION = YES;
				CLANG_WARN_OBJC_IMPLICIT_RETAIN_SELF = YES;
				CLANG_WARN_OBJC_LITERAL_CONVERSION = YES;
				CLANG_WARN_OBJC_ROOT_CLASS = YES_ERROR;
				CLANG_WARN_QUOTED_INCLUDE_IN_FRAMEWORK_HEADER = YES;
				CLANG_WARN_RANGE_LOOP_ANALYSIS = YES;
				CLANG_WARN_STRICT_PROTOTYPES = YES;
				CLANG_WARN_SUSPICIOUS_MOVE = YES;
				CLANG_WARN_UNGUARDED_AVAILABILITY = YES_AGGRESSIVE;
				CLANG_WARN_UNREACHABLE_CODE = YES;
				CLANG_WARN__DUPLICATE_METHOD_MATCH = YES;
				COPY_PHASE_STRIP = NO;
				DEBUG_INFORMATION_FORMAT = dwarf;
				ENABLE_STRICT_OBJC_MSGSEND = YES;
				ENABLE_TESTABILITY = YES;
				GCC_C_LANGUAGE_STANDARD = gnu11;
				GCC_DYNAMIC_NO_PIC = NO;
				GCC_NO_COMMON_BLOCKS = YES;
				GCC_OPTIMIZATION_LEVEL = 0;
				GCC_PREPROCESSOR_DEFINITIONS = (
					"DEBUG=1",
					"$(inherited)",
				);
				GCC_WARN_64_TO_32_BIT_CONVERSION = YES;
				GCC_WARN_ABOUT_RETURN_TYPE = YES_ERROR;
				GCC_WARN_UNDECLARED_SELECTOR = YES;
				GCC_WARN_UNINITIALIZED_AUTOS = YES_AGGRESSIVE;
				GCC_WARN_UNUSED_FUNCTION = YES;
				GCC_WARN_UNUSED_VARIABLE = YES;
				IPHONEOS_DEPLOYMENT_TARGET = 16.1;
				MTL_ENABLE_DEBUG_INFO = INCLUDE_SOURCE;
				MTL_FAST_MATH = YES;
				ONLY_ACTIVE_ARCH = YES;
				SDKROOT = iphoneos;
				SWIFT_ACTIVE_COMPILATION_CONDITIONS = DEBUG;
				SWIFT_OPTIMIZATION_LEVEL = "-Onone";
			};
			name = Debug;
		};
		3C6A177C2A0CE28200DC95A1 /* Release */ = {
			isa = XCBuildConfiguration;
			buildSettings = {
				ALWAYS_SEARCH_USER_PATHS = NO;
				CLANG_ANALYZER_NONNULL = YES;
				CLANG_ANALYZER_NUMBER_OBJECT_CONVERSION = YES_AGGRESSIVE;
				CLANG_CXX_LANGUAGE_STANDARD = "gnu++20";
				CLANG_ENABLE_MODULES = YES;
				CLANG_ENABLE_OBJC_ARC = YES;
				CLANG_ENABLE_OBJC_WEAK = YES;
				CLANG_WARN_BLOCK_CAPTURE_AUTORELEASING = YES;
				CLANG_WARN_BOOL_CONVERSION = YES;
				CLANG_WARN_COMMA = YES;
				CLANG_WARN_CONSTANT_CONVERSION = YES;
				CLANG_WARN_DEPRECATED_OBJC_IMPLEMENTATIONS = YES;
				CLANG_WARN_DIRECT_OBJC_ISA_USAGE = YES_ERROR;
				CLANG_WARN_DOCUMENTATION_COMMENTS = YES;
				CLANG_WARN_EMPTY_BODY = YES;
				CLANG_WARN_ENUM_CONVERSION = YES;
				CLANG_WARN_INFINITE_RECURSION = YES;
				CLANG_WARN_INT_CONVERSION = YES;
				CLANG_WARN_NON_LITERAL_NULL_CONVERSION = YES;
				CLANG_WARN_OBJC_IMPLICIT_RETAIN_SELF = YES;
				CLANG_WARN_OBJC_LITERAL_CONVERSION = YES;
				CLANG_WARN_OBJC_ROOT_CLASS = YES_ERROR;
				CLANG_WARN_QUOTED_INCLUDE_IN_FRAMEWORK_HEADER = YES;
				CLANG_WARN_RANGE_LOOP_ANALYSIS = YES;
				CLANG_WARN_STRICT_PROTOTYPES = YES;
				CLANG_WARN_SUSPICIOUS_MOVE = YES;
				CLANG_WARN_UNGUARDED_AVAILABILITY = YES_AGGRESSIVE;
				CLANG_WARN_UNREACHABLE_CODE = YES;
				CLANG_WARN__DUPLICATE_METHOD_MATCH = YES;
				COPY_PHASE_STRIP = NO;
				DEBUG_INFORMATION_FORMAT = "dwarf-with-dsym";
				ENABLE_NS_ASSERTIONS = NO;
				ENABLE_STRICT_OBJC_MSGSEND = YES;
				GCC_C_LANGUAGE_STANDARD = gnu11;
				GCC_NO_COMMON_BLOCKS = YES;
				GCC_WARN_64_TO_32_BIT_CONVERSION = YES;
				GCC_WARN_ABOUT_RETURN_TYPE = YES_ERROR;
				GCC_WARN_UNDECLARED_SELECTOR = YES;
				GCC_WARN_UNINITIALIZED_AUTOS = YES_AGGRESSIVE;
				GCC_WARN_UNUSED_FUNCTION = YES;
				GCC_WARN_UNUSED_VARIABLE = YES;
				IPHONEOS_DEPLOYMENT_TARGET = 16.1;
				MTL_ENABLE_DEBUG_INFO = NO;
				MTL_FAST_MATH = YES;
				SDKROOT = iphoneos;
				SWIFT_COMPILATION_MODE = wholemodule;
				SWIFT_OPTIMIZATION_LEVEL = "-O";
				VALIDATE_PRODUCT = YES;
			};
			name = Release;
		};
		3C6A177E2A0CE28200DC95A1 /* Debug */ = {
			isa = XCBuildConfiguration;
			buildSettings = {
				ASSETCATALOG_COMPILER_APPICON_NAME = AppIcon;
				ASSETCATALOG_COMPILER_GLOBAL_ACCENT_COLOR_NAME = AccentColor;
				CODE_SIGN_STYLE = Automatic;
				CURRENT_PROJECT_VERSION = 1;
				DEVELOPMENT_TEAM = 4238KP6H7X;
				GENERATE_INFOPLIST_FILE = YES;
				INFOPLIST_FILE = RegionPickerApp/Info.plist;
				INFOPLIST_KEY_UIApplicationSupportsIndirectInputEvents = YES;
				INFOPLIST_KEY_UILaunchStoryboardName = LaunchScreen;
				INFOPLIST_KEY_UIMainStoryboardFile = Main;
				INFOPLIST_KEY_UISupportedInterfaceOrientations_iPad = "UIInterfaceOrientationPortrait UIInterfaceOrientationPortraitUpsideDown UIInterfaceOrientationLandscapeLeft UIInterfaceOrientationLandscapeRight";
				INFOPLIST_KEY_UISupportedInterfaceOrientations_iPhone = "UIInterfaceOrientationPortrait UIInterfaceOrientationLandscapeLeft UIInterfaceOrientationLandscapeRight";
				LD_RUNPATH_SEARCH_PATHS = (
					"$(inherited)",
					"@executable_path/Frameworks",
				);
				MARKETING_VERSION = 1.0;
				PRODUCT_BUNDLE_IDENTIFIER = test.RegionPickerApp;
				PRODUCT_NAME = "$(TARGET_NAME)";
				SWIFT_EMIT_LOC_STRINGS = YES;
				SWIFT_VERSION = 5.0;
				TARGETED_DEVICE_FAMILY = "1,2";
			};
			name = Debug;
		};
		3C6A177F2A0CE28200DC95A1 /* Release */ = {
			isa = XCBuildConfiguration;
			buildSettings = {
				ASSETCATALOG_COMPILER_APPICON_NAME = AppIcon;
				ASSETCATALOG_COMPILER_GLOBAL_ACCENT_COLOR_NAME = AccentColor;
				CODE_SIGN_STYLE = Automatic;
				CURRENT_PROJECT_VERSION = 1;
				DEVELOPMENT_TEAM = 4238KP6H7X;
				GENERATE_INFOPLIST_FILE = YES;
				INFOPLIST_FILE = RegionPickerApp/Info.plist;
				INFOPLIST_KEY_UIApplicationSupportsIndirectInputEvents = YES;
				INFOPLIST_KEY_UILaunchStoryboardName = LaunchScreen;
				INFOPLIST_KEY_UIMainStoryboardFile = Main;
				INFOPLIST_KEY_UISupportedInterfaceOrientations_iPad = "UIInterfaceOrientationPortrait UIInterfaceOrientationPortraitUpsideDown UIInterfaceOrientationLandscapeLeft UIInterfaceOrientationLandscapeRight";
				INFOPLIST_KEY_UISupportedInterfaceOrientations_iPhone = "UIInterfaceOrientationPortrait UIInterfaceOrientationLandscapeLeft UIInterfaceOrientationLandscapeRight";
				LD_RUNPATH_SEARCH_PATHS = (
					"$(inherited)",
					"@executable_path/Frameworks",
				);
				MARKETING_VERSION = 1.0;
				PRODUCT_BUNDLE_IDENTIFIER = test.RegionPickerApp;
				PRODUCT_NAME = "$(TARGET_NAME)";
				SWIFT_EMIT_LOC_STRINGS = YES;
				SWIFT_VERSION = 5.0;
				TARGETED_DEVICE_FAMILY = "1,2";
			};
			name = Release;
		};
		3C6A17812A0CE28200DC95A1 /* Debug */ = {
			isa = XCBuildConfiguration;
			buildSettings = {
				ALWAYS_EMBED_SWIFT_STANDARD_LIBRARIES = YES;
				BUNDLE_LOADER = "$(TEST_HOST)";
				CODE_SIGN_STYLE = Automatic;
				CURRENT_PROJECT_VERSION = 1;
				DEVELOPMENT_TEAM = 4238KP6H7X;
				GENERATE_INFOPLIST_FILE = YES;
				IPHONEOS_DEPLOYMENT_TARGET = 16.1;
				MARKETING_VERSION = 1.0;
				PRODUCT_BUNDLE_IDENTIFIER = test.RegionPickerAppTests;
				PRODUCT_NAME = "$(TARGET_NAME)";
				SWIFT_EMIT_LOC_STRINGS = NO;
				SWIFT_VERSION = 5.0;
				TARGETED_DEVICE_FAMILY = "1,2";
				TEST_HOST = "$(BUILT_PRODUCTS_DIR)/RegionPickerApp.app/$(BUNDLE_EXECUTABLE_FOLDER_PATH)/RegionPickerApp";
			};
			name = Debug;
		};
		3C6A17822A0CE28200DC95A1 /* Release */ = {
			isa = XCBuildConfiguration;
			buildSettings = {
				ALWAYS_EMBED_SWIFT_STANDARD_LIBRARIES = YES;
				BUNDLE_LOADER = "$(TEST_HOST)";
				CODE_SIGN_STYLE = Automatic;
				CURRENT_PROJECT_VERSION = 1;
				DEVELOPMENT_TEAM = 4238KP6H7X;
				GENERATE_INFOPLIST_FILE = YES;
				IPHONEOS_DEPLOYMENT_TARGET = 16.1;
				MARKETING_VERSION = 1.0;
				PRODUCT_BUNDLE_IDENTIFIER = test.RegionPickerAppTests;
				PRODUCT_NAME = "$(TARGET_NAME)";
				SWIFT_EMIT_LOC_STRINGS = NO;
				SWIFT_VERSION = 5.0;
				TARGETED_DEVICE_FAMILY = "1,2";
				TEST_HOST = "$(BUILT_PRODUCTS_DIR)/RegionPickerApp.app/$(BUNDLE_EXECUTABLE_FOLDER_PATH)/RegionPickerApp";
			};
			name = Release;
		};
		3C6A17842A0CE28200DC95A1 /* Debug */ = {
			isa = XCBuildConfiguration;
			buildSettings = {
				ALWAYS_EMBED_SWIFT_STANDARD_LIBRARIES = YES;
				CODE_SIGN_STYLE = Automatic;
				CURRENT_PROJECT_VERSION = 1;
				DEVELOPMENT_TEAM = 4238KP6H7X;
				GENERATE_INFOPLIST_FILE = YES;
				MARKETING_VERSION = 1.0;
				PRODUCT_BUNDLE_IDENTIFIER = test.RegionPickerAppUITests;
				PRODUCT_NAME = "$(TARGET_NAME)";
				SWIFT_EMIT_LOC_STRINGS = NO;
				SWIFT_VERSION = 5.0;
				TARGETED_DEVICE_FAMILY = "1,2";
				TEST_TARGET_NAME = RegionPickerApp;
			};
			name = Debug;
		};
		3C6A17852A0CE28200DC95A1 /* Release */ = {
			isa = XCBuildConfiguration;
			buildSettings = {
				ALWAYS_EMBED_SWIFT_STANDARD_LIBRARIES = YES;
				CODE_SIGN_STYLE = Automatic;
				CURRENT_PROJECT_VERSION = 1;
				DEVELOPMENT_TEAM = 4238KP6H7X;
				GENERATE_INFOPLIST_FILE = YES;
				MARKETING_VERSION = 1.0;
				PRODUCT_BUNDLE_IDENTIFIER = test.RegionPickerAppUITests;
				PRODUCT_NAME = "$(TARGET_NAME)";
				SWIFT_EMIT_LOC_STRINGS = NO;
				SWIFT_VERSION = 5.0;
				TARGETED_DEVICE_FAMILY = "1,2";
				TEST_TARGET_NAME = RegionPickerApp;
			};
			name = Release;
		};
/* End XCBuildConfiguration section */

/* Begin XCConfigurationList section */
		3C6A174E2A0CE27F00DC95A1 /* Build configuration list for PBXProject "RegionPickerApp" */ = {
			isa = XCConfigurationList;
			buildConfigurations = (
				3C6A177B2A0CE28200DC95A1 /* Debug */,
				3C6A177C2A0CE28200DC95A1 /* Release */,
			);
			defaultConfigurationIsVisible = 0;
			defaultConfigurationName = Release;
		};
		3C6A177D2A0CE28200DC95A1 /* Build configuration list for PBXNativeTarget "RegionPickerApp" */ = {
			isa = XCConfigurationList;
			buildConfigurations = (
				3C6A177E2A0CE28200DC95A1 /* Debug */,
				3C6A177F2A0CE28200DC95A1 /* Release */,
			);
			defaultConfigurationIsVisible = 0;
			defaultConfigurationName = Release;
		};
		3C6A17802A0CE28200DC95A1 /* Build configuration list for PBXNativeTarget "RegionPickerAppTests" */ = {
			isa = XCConfigurationList;
			buildConfigurations = (
				3C6A17812A0CE28200DC95A1 /* Debug */,
				3C6A17822A0CE28200DC95A1 /* Release */,
			);
			defaultConfigurationIsVisible = 0;
			defaultConfigurationName = Release;
		};
		3C6A17832A0CE28200DC95A1 /* Build configuration list for PBXNativeTarget "RegionPickerAppUITests" */ = {
			isa = XCConfigurationList;
			buildConfigurations = (
				3C6A17842A0CE28200DC95A1 /* Debug */,
				3C6A17852A0CE28200DC95A1 /* Release */,
			);
			defaultConfigurationIsVisible = 0;
			defaultConfigurationName = Release;
		};
/* End XCConfigurationList section */
	};
	rootObject = 3C6A174B2A0CE27F00DC95A1 /* Project object */;
}
